
Microsoft Visual Studio Solution File, Format Version 12.00
# Visual Studio Version 17
VisualStudioVersion = 17.14.36221.1
MinimumVisualStudioVersion = 10.0.40219.1
Project("{FAE04EC0-301F-11D3-BF4B-00C04F79EFBC}") = "Contact", "Contact.csproj", "{1FBA80FB-9EC3-41D2-BF21-ABB5F72AB1A3}"
EndProject
Project("{FAE04EC0-301F-11D3-BF4B-00C04F79EFBC}") = "Services", "..\Services\Services.csproj", "{D2A99B75-FF16-4BBE-A484-658ECA350B7F}"
EndProject
Global
	GlobalSection(SolutionConfigurationPlatforms) = preSolution
		Debug|Any CPU = Debug|Any CPU
		Release|Any CPU = Release|Any CPU
	EndGlobalSection
	GlobalSection(ProjectConfigurationPlatforms) = postSolution
		{1FBA80FB-9EC3-41D2-BF21-ABB5F72AB1A3}.Debug|Any CPU.ActiveCfg = Debug|Any CPU
		{1FBA80FB-9EC3-41D2-BF21-ABB5F72AB1A3}.Debug|Any CPU.Build.0 = Debug|Any CPU
		{1FBA80FB-9EC3-41D2-BF21-ABB5F72AB1A3}.Release|Any CPU.ActiveCfg = Release|Any CPU
		{1FBA80FB-9EC3-41D2-BF21-ABB5F72AB1A3}.Release|Any CPU.Build.0 = Release|Any CPU
		{D2A99B75-FF16-4BBE-A484-658ECA350B7F}.Debug|Any CPU.ActiveCfg = Debug|Any CPU
		{D2A99B75-FF16-4BBE-A484-658ECA350B7F}.Debug|Any CPU.Build.0 = Debug|Any CPU
		{D2A99B75-FF16-4BBE-A484-658ECA350B7F}.Release|Any CPU.ActiveCfg = Release|Any CPU
		{D2A99B75-FF16-4BBE-A484-658ECA350B7F}.Release|Any CPU.Build.0 = Release|Any CPU
	EndGlobalSection
	GlobalSection(SolutionProperties) = preSolution
		HideSolutionNode = FALSE
	EndGlobalSection
	GlobalSection(ExtensibilityGlobals) = postSolution
		SolutionGuid = {99202CE2-F788-4BB5-836B-8BC2DDBE6F94}
	EndGlobalSection
EndGlobal
